// !$*UTF8*$!
{
	archiveVersion = 1;
	classes = {
	};
	objectVersion = 50;
	objects = {

/* Begin PBXBuildFile section */
		E118B1F22191EAF900B85D24 /* AppDelegate.m in Sources */ = {isa = PBXBuildFile; fileRef = E118B1F12191EAF900B85D24 /* AppDelegate.m */; };
		E118B1F52191EAF900B85D24 /* ViewController.m in Sources */ = {isa = PBXBuildFile; fileRef = E118B1F42191EAF900B85D24 /* ViewController.m */; };
		E118B1F82191EAF900B85D24 /* Main.storyboard in Resources */ = {isa = PBXBuildFile; fileRef = E118B1F62191EAF900B85D24 /* Main.storyboard */; };
		E118B1FA2191EAFA00B85D24 /* Assets.xcassets in Resources */ = {isa = PBXBuildFile; fileRef = E118B1F92191EAFA00B85D24 /* Assets.xcassets */; };
		E118B1FD2191EAFA00B85D24 /* LaunchScreen.storyboard in Resources */ = {isa = PBXBuildFile; fileRef = E118B1FB2191EAFA00B85D24 /* LaunchScreen.storyboard */; };
		E118B2002191EAFA00B85D24 /* main.m in Sources */ = {isa = PBXBuildFile; fileRef = E118B1FF2191EAFA00B85D24 /* main.m */; };
		E118B233219209FB00B85D24 /* UIImage+CircleClip.m in Sources */ = {isa = PBXBuildFile; fileRef = E118B232219209FB00B85D24 /* UIImage+CircleClip.m */; };
/* End PBXBuildFile section */

/* Begin PBXFileReference section */
		E118B1ED2191EAF900B85D24 /* CircleClipDemo.app */ = {isa = PBXFileReference; explicitFileType = wrapper.application; includeInIndex = 0; path = CircleClipDemo.app; sourceTree = BUILT_PRODUCTS_DIR; };
		E118B1F02191EAF900B85D24 /* AppDelegate.h */ = {isa = PBXFileReference; lastKnownFileType = sourcecode.c.h; path = AppDelegate.h; sourceTree = "<group>"; };
		E118B1F12191EAF900B85D24 /* AppDelegate.m */ = {isa = PBXFileReference; lastKnownFileType = sourcecode.c.objc; path = AppDelegate.m; sourceTree = "<group>"; };
		E118B1F32191EAF900B85D24 /* ViewController.h */ = {isa = PBXFileReference; lastKnownFileType = sourcecode.c.h; path = ViewController.h; sourceTree = "<group>"; };
		E118B1F42191EAF900B85D24 /* ViewController.m */ = {isa = PBXFileReference; lastKnownFileType = sourcecode.c.objc; path = ViewController.m; sourceTree = "<group>"; };
		E118B1F72191EAF900B85D24 /* Base */ = {isa = PBXFileReference; lastKnownFileType = file.storyboard; name = Base; path = Base.lproj/Main.storyboard; sourceTree = "<group>"; };
		E118B1F92191EAFA00B85D24 /* Assets.xcassets */ = {isa = PBXFileReference; lastKnownFileType = folder.assetcatalog; path = Assets.xcassets; sourceTree = "<group>"; };
		E118B1FC2191EAFA00B85D24 /* Base */ = {isa = PBXFileReference; lastKnownFileType = file.storyboard; name = Base; path = Base.lproj/LaunchScreen.storyboard; sourceTree = "<group>"; };
		E118B1FE2191EAFA00B85D24 /* Info.plist */ = {isa = PBXFileReference; lastKnownFileType = text.plist.xml; path = Info.plist; sourceTree = "<group>"; };
		E118B1FF2191EAFA00B85D24 /* main.m */ = {isa = PBXFileReference; lastKnownFileType = sourcecode.c.objc; path = main.m; sourceTree = "<group>"; };
		E118B231219209FB00B85D24 /* UIImage+CircleClip.h */ = {isa = PBXFileReference; fileEncoding = 4; lastKnownFileType = sourcecode.c.h; path = "UIImage+CircleClip.h"; sourceTree = "<group>"; };
		E118B232219209FB00B85D24 /* UIImage+CircleClip.m */ = {isa = PBXFileReference; fileEncoding = 4; lastKnownFileType = sourcecode.c.objc; path = "UIImage+CircleClip.m"; sourceTree = "<group>"; };
/* End PBXFileReference section */

/* Begin PBXFrameworksBuildPhase section */
		E118B1EA2191EAF900B85D24 /* Frameworks */ = {
			isa = PBXFrameworksBuildPhase;
			buildActionMask = 2147483647;
			files = (
			);
			runOnlyForDeploymentPostprocessing = 0;
		};
/* End PBXFrameworksBuildPhase section */

/* Begin PBXGroup section */
		E118B1E42191EAF900B85D24 = {
			isa = PBXGroup;
			children = (
				E118B1EF2191EAF900B85D24 /* CircleClipDemo */,
				E118B1EE2191EAF900B85D24 /* Products */,
			);
			sourceTree = "<group>";
		};
		E118B1EE2191EAF900B85D24 /* Products */ = {
			isa = PBXGroup;
			children = (
				E118B1ED2191EAF900B85D24 /* CircleClipDemo.app */,
			);
			name = Products;
			sourceTree = "<group>";
		};
		E118B1EF2191EAF900B85D24 /* CircleClipDemo */ = {
			isa = PBXGroup;
			children = (
				E118B1F02191EAF900B85D24 /* AppDelegate.h */,
				E118B1F12191EAF900B85D24 /* AppDelegate.m */,
				E118B1F32191EAF900B85D24 /* ViewController.h */,
				E118B1F42191EAF900B85D24 /* ViewController.m */,
				E118B231219209FB00B85D24 /* UIImage+CircleClip.h */,
				E118B232219209FB00B85D24 /* UIImage+CircleClip.m */,
				E118B1F62191EAF900B85D24 /* Main.storyboard */,
				E118B1F92191EAFA00B85D24 /* Assets.xcassets */,
				E118B1FB2191EAFA00B85D24 /* LaunchScreen.storyboard */,
				E118B1FE2191EAFA00B85D24 /* Info.plist */,
				E118B1FF2191EAFA00B85D24 /* main.m */,
			);
			path = CircleClipDemo;
			sourceTree = "<group>";
		};
/* End PBXGroup section */

/* Begin PBXNativeTarget section */
		E118B1EC2191EAF900B85D24 /* CircleClipDemo */ = {
			isa = PBXNativeTarget;
			buildConfigurationList = E118B2032191EAFA00B85D24 /* Build configuration list for PBXNativeTarget "CircleClipDemo" */;
			buildPhases = (
				E118B1E92191EAF900B85D24 /* Sources */,
				E118B1EA2191EAF900B85D24 /* Frameworks */,
				E118B1EB2191EAF900B85D24 /* Resources */,
			);
			buildRules = (
			);
			dependencies = (
			);
			name = CircleClipDemo;
			productName = CircleClipDemo;
			productReference = E118B1ED2191EAF900B85D24 /* CircleClipDemo.app */;
			productType = "com.apple.product-type.application";
		};
/* End PBXNativeTarget section */

/* Begin PBXProject section */
		E118B1E52191EAF900B85D24 /* Project object */ = {
			isa = PBXProject;
			attributes = {
				LastUpgradeCheck = 1010;
				ORGANIZATIONNAME = sunke;
				TargetAttributes = {
					E118B1EC2191EAF900B85D24 = {
						CreatedOnToolsVersion = 10.1;
					};
				};
			};
			buildConfigurationList = E118B1E82191EAF900B85D24 /* Build configuration list for PBXProject "CircleClipDemo" */;
			compatibilityVersion = "Xcode 9.3";
			developmentRegion = en;
			hasScannedForEncodings = 0;
			knownRegions = (
				en,
				Base,
			);
			mainGroup = E118B1E42191EAF900B85D24;
			productRefGroup = E118B1EE2191EAF900B85D24 /* Products */;
			projectDirPath = "";
			projectRoot = "";
			targets = (
				E118B1EC2191EAF900B85D24 /* CircleClipDemo */,
			);
		};
/* End PBXProject section */

/* Begin PBXResourcesBuildPhase section */
		E118B1EB2191EAF900B85D24 /* Resources */ = {
			isa = PBXResourcesBuildPhase;
			buildActionMask = 2147483647;
			files = (
				E118B1FD2191EAFA00B85D24 /* LaunchScreen.storyboard in Resources */,
				E118B1FA2191EAFA00B85D24 /* Assets.xcassets in Resources */,
				E118B1F82191EAF900B85D24 /* Main.storyboard in Resources */,
			);
			runOnlyForDeploymentPostprocessing = 0;
		};
/* End PBXResourcesBuildPhase section */

/* Begin PBXSourcesBuildPhase section */
		E118B1E92191EAF900B85D24 /* Sources */ = {
			isa = PBXSourcesBuildPhase;
			buildActionMask = 2147483647;
			files = (
				E118B1F52191EAF900B85D24 /* ViewController.m in Sources */,
				E118B233219209FB00B85D24 /* UIImage+CircleClip.m in Sources */,
				E118B2002191EAFA00B85D24 /* main.m in Sources */,
				E118B1F22191EAF900B85D24 /* AppDelegate.m in Sources */,
			);
			runOnlyForDeploymentPostprocessing = 0;
		};
/* End PBXSourcesBuildPhase section */

/* Begin PBXVariantGroup section */
		E118B1F62191EAF900B85D24 /* Main.storyboard */ = {
			isa = PBXVariantGroup;
			children = (
				E118B1F72191EAF900B85D24 /* Base */,
			);
			name = Main.storyboard;
			sourceTree = "<group>";
		};
		E118B1FB2191EAFA00B85D24 /* LaunchScreen.storyboard */ = {
			isa = PBXVariantGroup;
			children = (
				E118B1FC2191EAFA00B85D24 /* Base */,
			);
			name = LaunchScreen.storyboard;
			sourceTree = "<group>";
		};
/* End PBXVariantGroup section */

/* Begin XCBuildConfiguration section */
		E118B2012191EAFA00B85D24 /* Debug */ = {
			isa = XCBuildConfiguration;
			buildSettings = {
				ALWAYS_SEARCH_USER_PATHS = NO;
				CLANG_ANALYZER_NONNULL = YES;
				CLANG_ANALYZER_NUMBER_OBJECT_CONVERSION = YES_AGGRESSIVE;
				CLANG_CXX_LANGUAGE_STANDARD = "gnu++14";
				CLANG_CXX_LIBRARY = "libc++";
				CLANG_ENABLE_MODULES = YES;
				CLANG_ENABLE_OBJC_ARC = YES;
				CLANG_ENABLE_OBJC_WEAK = YES;
				CLANG_WARN_BLOCK_CAPTURE_AUTORELEASING = YES;
				CLANG_WARN_BOOL_CONVERSION = YES;
				CLANG_WARN_COMMA = YES;
				CLANG_WARN_CONSTANT_CONVERSION = YES;
				CLANG_WARN_DEPRECATED_OBJC_IMPLEMENTATIONS = YES;
				CLANG_WARN_DIRECT_OBJC_ISA_USAGE = YES_ERROR;
				CLANG_WARN_DOCUMENTATION_COMMENTS = YES;
				CLANG_WARN_EMPTY_BODY = YES;
				CLANG_WARN_ENUM_CONVERSION = YES;
				CLANG_WARN_INFINITE_RECURSION = YES;
				CLANG_WARN_INT_CONVERSION = YES;
				CLANG_WARN_NON_LITERAL_NULL_CONVERSION = YES;
				CLANG_WARN_OBJC_IMPLICIT_RETAIN_SELF = YES;
				CLANG_WARN_OBJC_LITERAL_CONVERSION = YES;
				CLANG_WARN_OBJC_ROOT_CLASS = YES_ERROR;
				CLANG_WARN_RANGE_LOOP_ANALYSIS = YES;
				CLANG_WARN_STRICT_PROTOTYPES = YES;
				CLANG_WARN_SUSPICIOUS_MOVE = YES;
				CLANG_WARN_UNGUARDED_AVAILABILITY = YES_AGGRESSIVE;
				CLANG_WARN_UNREACHABLE_CODE = YES;
				CLANG_WARN__DUPLICATE_METHOD_MATCH = YES;
				CODE_SIGN_IDENTITY = "iPhone Developer";
				COPY_PHASE_STRIP = NO;
				DEBUG_INFORMATION_FORMAT = dwarf;
				ENABLE_STRICT_OBJC_MSGSEND = YES;
				ENABLE_TESTABILITY = YES;
				GCC_C_LANGUAGE_STANDARD = gnu11;
				GCC_DYNAMIC_NO_PIC = NO;
				GCC_NO_COMMON_BLOCKS = YES;
				GCC_OPTIMIZATION_LEVEL = 0;
				GCC_PREPROCESSOR_DEFINITIONS = (
					"DEBUG=1",
					"$(inherited)",
				);
				GCC_WARN_64_TO_32_BIT_CONVERSION = YES;
				GCC_WARN_ABOUT_RETURN_TYPE = YES_ERROR;
				GCC_WARN_UNDECLARED_SELECTOR = YES;
				GCC_WARN_UNINITIALIZED_AUTOS = YES_AGGRESSIVE;
				GCC_WARN_UNUSED_FUNCTION = YES;
				GCC_WARN_UNUSED_VARIABLE = YES;
				IPHONEOS_DEPLOYMENT_TARGET = 12.1;
				MTL_ENABLE_DEBUG_INFO = INCLUDE_SOURCE;
				MTL_FAST_MATH = YES;
				ONLY_ACTIVE_ARCH = YES;
				SDKROOT = iphoneos;
			};
			name = Debug;
		};
		E118B2022191EAFA00B85D24 /* Release */ = {
			isa = XCBuildConfiguration;
			buildSettings = {
				ALWAYS_SEARCH_USER_PATHS = NO;
				CLANG_ANALYZER_NONNULL = YES;
				CLANG_ANALYZER_NUMBER_OBJECT_CONVERSION = YES_AGGRESSIVE;
				CLANG_CXX_LANGUAGE_STANDARD = "gnu++14";
				CLANG_CXX_LIBRARY = "libc++";
				CLANG_ENABLE_MODULES = YES;
				CLANG_ENABLE_OBJC_ARC = YES;
				CLANG_ENABLE_OBJC_WEAK = YES;
				CLANG_WARN_BLOCK_CAPTURE_AUTORELEASING = YES;
				CLANG_WARN_BOOL_CONVERSION = YES;
				CLANG_WARN_COMMA = YES;
				CLANG_WARN_CONSTANT_CONVERSION = YES;
				CLANG_WARN_DEPRECATED_OBJC_IMPLEMENTATIONS = YES;
				CLANG_WARN_DIRECT_OBJC_ISA_USAGE = YES_ERROR;
				CLANG_WARN_DOCUMENTATION_COMMENTS = YES;
				CLANG_WARN_EMPTY_BODY = YES;
				CLANG_WARN_ENUM_CONVERSION = YES;
				CLANG_WARN_INFINITE_RECURSION = YES;
				CLANG_WARN_INT_CONVERSION = YES;
				CLANG_WARN_NON_LITERAL_NULL_CONVERSION = YES;
				CLANG_WARN_OBJC_IMPLICIT_RETAIN_SELF = YES;
				CLANG_WARN_OBJC_LITERAL_CONVERSION = YES;
				CLANG_WARN_OBJC_ROOT_CLASS = YES_ERROR;
				CLANG_WARN_RANGE_LOOP_ANALYSIS = YES;
				CLANG_WARN_STRICT_PROTOTYPES = YES;
				CLANG_WARN_SUSPICIOUS_MOVE = YES;
				CLANG_WARN_UNGUARDED_AVAILABILITY = YES_AGGRESSIVE;
				CLANG_WARN_UNREACHABLE_CODE = YES;
				CLANG_WARN__DUPLICATE_METHOD_MATCH = YES;
				CODE_SIGN_IDENTITY = "iPhone Developer";
				COPY_PHASE_STRIP = NO;
				DEBUG_INFORMATION_FORMAT = "dwarf-with-dsym";
				ENABLE_NS_ASSERTIONS = NO;
				ENABLE_STRICT_OBJC_MSGSEND = YES;
				GCC_C_LANGUAGE_STANDARD = gnu11;
				GCC_NO_COMMON_BLOCKS = YES;
				GCC_WARN_64_TO_32_BIT_CONVERSION = YES;
				GCC_WARN_ABOUT_RETURN_TYPE = YES_ERROR;
				GCC_WARN_UNDECLARED_SELECTOR = YES;
				GCC_WARN_UNINITIALIZED_AUTOS = YES_AGGRESSIVE;
				GCC_WARN_UNUSED_FUNCTION = YES;
				GCC_WARN_UNUSED_VARIABLE = YES;
				IPHONEOS_DEPLOYMENT_TARGET = 12.1;
				MTL_ENABLE_DEBUG_INFO = NO;
				MTL_FAST_MATH = YES;
				SDKROOT = iphoneos;
				VALIDATE_PRODUCT = YES;
			};
			name = Release;
		};
		E118B2042191EAFA00B85D24 /* Debug */ = {
			isa = XCBuildConfiguration;
			buildSettings = {
				ASSETCATALOG_COMPILER_APPICON_NAME = AppIcon;
				CODE_SIGN_STYLE = Automatic;
				DEVELOPMENT_TEAM = 3F8E7JE29H;
				INFOPLIST_FILE = CircleClipDemo/Info.plist;
				LD_RUNPATH_SEARCH_PATHS = (
					"$(inherited)",
					"@executable_path/Frameworks",
				);
				PRODUCT_BUNDLE_IDENTIFIER = cn.sunke.CircleClipDemo;
				PRODUCT_NAME = "$(TARGET_NAME)";
				TARGETED_DEVICE_FAMILY = "1,2";
			};
			name = Debug;
		};
		E118B2052191EAFA00B85D24 /* Release */ = {
			isa = XCBuildConfiguration;
			buildSettings = {
				ASSETCATALOG_COMPILER_APPICON_NAME = AppIcon;
				CODE_SIGN_STYLE = Automatic;
				DEVELOPMENT_TEAM = 3F8E7JE29H;
				INFOPLIST_FILE = CircleClipDemo/Info.plist;
				LD_RUNPATH_SEARCH_PATHS = (
					"$(inherited)",
					"@executable_path/Frameworks",
				);
				PRODUCT_BUNDLE_IDENTIFIER = cn.sunke.CircleClipDemo;
				PRODUCT_NAME = "$(TARGET_NAME)";
				TARGETED_DEVICE_FAMILY = "1,2";
			};
			name = Release;
		};
/* End XCBuildConfiguration section */

/* Begin XCConfigurationList section */
		E118B1E82191EAF900B85D24 /* Build configuration list for PBXProject "CircleClipDemo" */ = {
			isa = XCConfigurationList;
			buildConfigurations = (
				E118B2012191EAFA00B85D24 /* Debug */,
				E118B2022191EAFA00B85D24 /* Release */,
			);
			defaultConfigurationIsVisible = 0;
			defaultConfigurationName = Release;
		};
		E118B2032191EAFA00B85D24 /* Build configuration list for PBXNativeTarget "CircleClipDemo" */ = {
			isa = XCConfigurationList;
			buildConfigurations = (
				E118B2042191EAFA00B85D24 /* Debug */,
				E118B2052191EAFA00B85D24 /* Release */,
			);
			defaultConfigurationIsVisible = 0;
			defaultConfigurationName = Release;
		};
/* End XCConfigurationList section */
	};
	rootObject = E118B1E52191EAF900B85D24 /* Project object */;
}
